
Microsoft Visual Studio Solution File, Format Version 12.00
Project("{FAE04EC0-301F-11D3-BF4B-00C04F79EFBC}") = "BeautySalon.Console", "BeautySalon.Console\BeautySalon.Console.csproj", "{9DBF6254-DA4D-4F13-A7CA-C1A22E263D3B}"
EndProject
Project("{FAE04EC0-301F-11D3-BF4B-00C04F79EFBC}") = "BeautySalon.DAL", "BeautySalon.DAL\BeautySalon.DAL.csproj", "{219C32CF-CC03-48AF-9A30-F63CE835EECD}"
EndProject
Project("{FAE04EC0-301F-11D3-BF4B-00C04F79EFBC}") = "BeautySalon.BLL", "BeautySalon.BLL\BeautySalon.BLL.csproj", "{6657A555-5C14-48A2-83C2-FEC6B9223346}"
EndProject
Global
	GlobalSection(SolutionConfigurationPlatforms) = preSolution
		Debug|Any CPU = Debug|Any CPU
		Release|Any CPU = Release|Any CPU
	EndGlobalSection
	GlobalSection(ProjectConfigurationPlatforms) = postSolution
		{9DBF6254-DA4D-4F13-A7CA-C1A22E263D3B}.Debug|Any CPU.ActiveCfg = Debug|Any CPU
		{9DBF6254-DA4D-4F13-A7CA-C1A22E263D3B}.Debug|Any CPU.Build.0 = Debug|Any CPU
		{9DBF6254-DA4D-4F13-A7CA-C1A22E263D3B}.Release|Any CPU.ActiveCfg = Release|Any CPU
		{9DBF6254-DA4D-4F13-A7CA-C1A22E263D3B}.Release|Any CPU.Build.0 = Release|Any CPU
		{219C32CF-CC03-48AF-9A30-F63CE835EECD}.Debug|Any CPU.ActiveCfg = Debug|Any CPU
		{219C32CF-CC03-48AF-9A30-F63CE835EECD}.Debug|Any CPU.Build.0 = Debug|Any CPU
		{219C32CF-CC03-48AF-9A30-F63CE835EECD}.Release|Any CPU.ActiveCfg = Release|Any CPU
		{219C32CF-CC03-48AF-9A30-F63CE835EECD}.Release|Any CPU.Build.0 = Release|Any CPU
		{6657A555-5C14-48A2-83C2-FEC6B9223346}.Debug|Any CPU.ActiveCfg = Debug|Any CPU
		{6657A555-5C14-48A2-83C2-FEC6B9223346}.Debug|Any CPU.Build.0 = Debug|Any CPU
		{6657A555-5C14-48A2-83C2-FEC6B9223346}.Release|Any CPU.ActiveCfg = Release|Any CPU
		{6657A555-5C14-48A2-83C2-FEC6B9223346}.Release|Any CPU.Build.0 = Release|Any CPU
	EndGlobalSection
EndGlobal
